
Microsoft Visual Studio Solution File, Format Version 12.00
# Visual Studio Version 17
VisualStudioVersion = 17.5.33502.453
MinimumVisualStudioVersion = 10.0.40219.1
Project("{FAE04EC0-301F-11D3-BF4B-00C04F79EFBC}") = "Corso_Presentazione", "Corso_Presentazione\Corso_Presentazione.csproj", "{5CA54094-6D1D-420E-B11E-18200FE26344}"
EndProject
Global
	GlobalSection(SolutionConfigurationPlatforms) = preSolution
		Debug|Any CPU = Debug|Any CPU
		Release|Any CPU = Release|Any CPU
	EndGlobalSection
	GlobalSection(ProjectConfigurationPlatforms) = postSolution
		{5CA54094-6D1D-420E-B11E-18200FE26344}.Debug|Any CPU.ActiveCfg = Debug|Any CPU
		{5CA54094-6D1D-420E-B11E-18200FE26344}.Debug|Any CPU.Build.0 = Debug|Any CPU
		{5CA54094-6D1D-420E-B11E-18200FE26344}.Release|Any CPU.ActiveCfg = Release|Any CPU
		{5CA54094-6D1D-420E-B11E-18200FE26344}.Release|Any CPU.Build.0 = Release|Any CPU
	EndGlobalSection
	GlobalSection(SolutionProperties) = preSolution
		HideSolutionNode = FALSE
	EndGlobalSection
	GlobalSection(ExtensibilityGlobals) = postSolution
		SolutionGuid = {84CD2BF3-DF70-4A24-ABBB-6F1237678CBF}
	EndGlobalSection
EndGlobal
